
Microsoft Visual Studio Solution File, Format Version 12.00
# Visual Studio 15
VisualStudioVersion = 15.0.28307.106
MinimumVisualStudioVersion = 10.0.40219.1
Project("{2150E333-8FDC-42A3-9474-1A3956D46DE8}") = "src", "src", "{CCFFBA8A-D8B4-4FDA-855E-FB25D6C4DD8D}"
EndProject
Project("{FAE04EC0-301F-11D3-BF4B-00C04F79EFBC}") = "Sino.Extensions.BotChat", "src\Sino.Extensions.BotChat\Sino.Extensions.BotChat.csproj", "{B2A9840C-06EC-4014-8386-EB217E2789A3}"
EndProject
Project("{2150E333-8FDC-42A3-9474-1A3956D46DE8}") = "test", "test", "{3B93D2BA-689D-48E7-8C48-68326DA31F43}"
EndProject
Project("{FAE04EC0-301F-11D3-BF4B-00C04F79EFBC}") = "BotChatUnitTest", "test\BotChatUnitTest\BotChatUnitTest.csproj", "{C99A17C6-3153-4CBC-9779-5B019401BD4B}"
EndProject
Global
	GlobalSection(SolutionConfigurationPlatforms) = preSolution
		Debug|Any CPU = Debug|Any CPU
		Release|Any CPU = Release|Any CPU
	EndGlobalSection
	GlobalSection(ProjectConfigurationPlatforms) = postSolution
		{B2A9840C-06EC-4014-8386-EB217E2789A3}.Debug|Any CPU.ActiveCfg = Debug|Any CPU
		{B2A9840C-06EC-4014-8386-EB217E2789A3}.Debug|Any CPU.Build.0 = Debug|Any CPU
		{B2A9840C-06EC-4014-8386-EB217E2789A3}.Release|Any CPU.ActiveCfg = Release|Any CPU
		{B2A9840C-06EC-4014-8386-EB217E2789A3}.Release|Any CPU.Build.0 = Release|Any CPU
		{C99A17C6-3153-4CBC-9779-5B019401BD4B}.Debug|Any CPU.ActiveCfg = Debug|Any CPU
		{C99A17C6-3153-4CBC-9779-5B019401BD4B}.Debug|Any CPU.Build.0 = Debug|Any CPU
		{C99A17C6-3153-4CBC-9779-5B019401BD4B}.Release|Any CPU.ActiveCfg = Release|Any CPU
		{C99A17C6-3153-4CBC-9779-5B019401BD4B}.Release|Any CPU.Build.0 = Release|Any CPU
	EndGlobalSection
	GlobalSection(SolutionProperties) = preSolution
		HideSolutionNode = FALSE
	EndGlobalSection
	GlobalSection(NestedProjects) = preSolution
		{B2A9840C-06EC-4014-8386-EB217E2789A3} = {CCFFBA8A-D8B4-4FDA-855E-FB25D6C4DD8D}
		{C99A17C6-3153-4CBC-9779-5B019401BD4B} = {3B93D2BA-689D-48E7-8C48-68326DA31F43}
	EndGlobalSection
	GlobalSection(ExtensibilityGlobals) = postSolution
		SolutionGuid = {C5BE417A-13A5-444E-B4C5-08A5DE230BFC}
	EndGlobalSection
EndGlobal
